// !$*UTF8*$!
{
	archiveVersion = 1;
	classes = {
	};
	objectVersion = 46;
	objects = {

/* Begin PBXBuildFile section */
		83F9A8C91CE740690026C1C7 /* AppDelegate.swift in Sources */ = {isa = PBXBuildFile; fileRef = 83F9A8C81CE740690026C1C7 /* AppDelegate.swift */; };
		83F9A8CB1CE740690026C1C7 /* MasterViewController.swift in Sources */ = {isa = PBXBuildFile; fileRef = 83F9A8CA1CE740690026C1C7 /* MasterViewController.swift */; };
		83F9A8CD1CE740690026C1C7 /* DetailViewController.swift in Sources */ = {isa = PBXBuildFile; fileRef = 83F9A8CC1CE740690026C1C7 /* DetailViewController.swift */; };
		83F9A8D01CE740690026C1C7 /* Main.storyboard in Resources */ = {isa = PBXBuildFile; fileRef = 83F9A8CE1CE740690026C1C7 /* Main.storyboard */; };
		83F9A8D21CE740690026C1C7 /* Assets.xcassets in Resources */ = {isa = PBXBuildFile; fileRef = 83F9A8D11CE740690026C1C7 /* Assets.xcassets */; };
		83F9A8D51CE740690026C1C7 /* LaunchScreen.storyboard in Resources */ = {isa = PBXBuildFile; fileRef = 83F9A8D31CE740690026C1C7 /* LaunchScreen.storyboard */; };
/* End PBXBuildFile section */

/* Begin PBXFileReference section */
		8303A0001DD5F28C00116D8D /* CalendarDateAndTime.playground */ = {isa = PBXFileReference; lastKnownFileType = file.playground; path = CalendarDateAndTime.playground; sourceTree = "<group>"; };
		8303A0011DD5F28C00116D8D /* Defer.playground */ = {isa = PBXFileReference; lastKnownFileType = file.playground; path = Defer.playground; sourceTree = "<group>"; };
		8303A0041DD5F28C00116D8D /* Beginner.playground */ = {isa = PBXFileReference; lastKnownFileType = file.playground; path = Beginner.playground; sourceTree = "<group>"; };
		8303A0051DD5F28C00116D8D /* Expert.playground */ = {isa = PBXFileReference; lastKnownFileType = file.playground; path = Expert.playground; sourceTree = "<group>"; };
		8303A0061DD5F28D00116D8D /* Strings.playground */ = {isa = PBXFileReference; lastKnownFileType = file.playground; path = Strings.playground; sourceTree = "<group>"; };
		8316C9B51DEAF03D00730DD2 /* AttributedStrings.playground */ = {isa = PBXFileReference; lastKnownFileType = file.playground; path = AttributedStrings.playground; sourceTree = "<group>"; };
		8316C9BB1DEC92A600730DD2 /* JSON.playground */ = {isa = PBXFileReference; lastKnownFileType = file.playground; path = JSON.playground; sourceTree = "<group>"; };
		8316C9BC1DECD0A500730DD2 /* DateFormatter.playground */ = {isa = PBXFileReference; lastKnownFileType = file.playground; path = DateFormatter.playground; sourceTree = "<group>"; };
		834DE3731DF87EC600B1788D /* Tuples.playground */ = {isa = PBXFileReference; lastKnownFileType = file.playground; path = Tuples.playground; sourceTree = "<group>"; };
		83F9A8C51CE740690026C1C7 /* SwiftPlaygrounds.app */ = {isa = PBXFileReference; explicitFileType = wrapper.application; includeInIndex = 0; path = SwiftPlaygrounds.app; sourceTree = BUILT_PRODUCTS_DIR; };
		83F9A8C81CE740690026C1C7 /* AppDelegate.swift */ = {isa = PBXFileReference; lastKnownFileType = sourcecode.swift; path = AppDelegate.swift; sourceTree = "<group>"; };
		83F9A8CA1CE740690026C1C7 /* MasterViewController.swift */ = {isa = PBXFileReference; lastKnownFileType = sourcecode.swift; path = MasterViewController.swift; sourceTree = "<group>"; };
		83F9A8CC1CE740690026C1C7 /* DetailViewController.swift */ = {isa = PBXFileReference; lastKnownFileType = sourcecode.swift; path = DetailViewController.swift; sourceTree = "<group>"; };
		83F9A8CF1CE740690026C1C7 /* Base */ = {isa = PBXFileReference; lastKnownFileType = file.storyboard; name = Base; path = Base.lproj/Main.storyboard; sourceTree = "<group>"; };
		83F9A8D11CE740690026C1C7 /* Assets.xcassets */ = {isa = PBXFileReference; lastKnownFileType = folder.assetcatalog; path = Assets.xcassets; sourceTree = "<group>"; };
		83F9A8D41CE740690026C1C7 /* Base */ = {isa = PBXFileReference; lastKnownFileType = file.storyboard; name = Base; path = Base.lproj/LaunchScreen.storyboard; sourceTree = "<group>"; };
		83F9A8D61CE740690026C1C7 /* Info.plist */ = {isa = PBXFileReference; lastKnownFileType = text.plist.xml; path = Info.plist; sourceTree = "<group>"; };
/* End PBXFileReference section */

/* Begin PBXFrameworksBuildPhase section */
		83F9A8C21CE740690026C1C7 /* Frameworks */ = {
			isa = PBXFrameworksBuildPhase;
			buildActionMask = 2147483647;
			files = (
			);
			runOnlyForDeploymentPostprocessing = 0;
		};
/* End PBXFrameworksBuildPhase section */

/* Begin PBXGroup section */
		83039FFE1DD5F28C00116D8D /* Playgrounds */ = {
			isa = PBXGroup;
			children = (
				83039FFF1DD5F28C00116D8D /* Advanced */,
				8303A0021DD5F28C00116D8D /* ByTheBook */,
				8303A0031DD5F28C00116D8D /* CheatSheets */,
				8303A0071DD5F28D00116D8D /* CoreGraphics */,
				8303A0091DD5F28D00116D8D /* TheSwiftWay */,
			);
			path = Playgrounds;
			sourceTree = "<group>";
		};
		83039FFF1DD5F28C00116D8D /* Advanced */ = {
			isa = PBXGroup;
			children = (
				8303A0001DD5F28C00116D8D /* CalendarDateAndTime.playground */,
				8303A0011DD5F28C00116D8D /* Defer.playground */,
			);
			path = Advanced;
			sourceTree = "<group>";
		};
		8303A0021DD5F28C00116D8D /* ByTheBook */ = {
			isa = PBXGroup;
			children = (
			);
			path = ByTheBook;
			sourceTree = "<group>";
		};
		8303A0031DD5F28C00116D8D /* CheatSheets */ = {
			isa = PBXGroup;
			children = (
				8303A0041DD5F28C00116D8D /* Beginner.playground */,
				8303A0051DD5F28C00116D8D /* Expert.playground */,
				8303A0061DD5F28D00116D8D /* Strings.playground */,
				8316C9B51DEAF03D00730DD2 /* AttributedStrings.playground */,
				8316C9BB1DEC92A600730DD2 /* JSON.playground */,
				8316C9BC1DECD0A500730DD2 /* DateFormatter.playground */,
				834DE3731DF87EC600B1788D /* Tuples.playground */,
			);
			path = CheatSheets;
			sourceTree = "<group>";
		};
		8303A0071DD5F28D00116D8D /* CoreGraphics */ = {
			isa = PBXGroup;
			children = (
			);
			path = CoreGraphics;
			sourceTree = "<group>";
		};
		8303A0091DD5F28D00116D8D /* TheSwiftWay */ = {
			isa = PBXGroup;
			children = (
			);
			path = TheSwiftWay;
			sourceTree = "<group>";
		};
		83F9A8BC1CE740690026C1C7 = {
			isa = PBXGroup;
			children = (
				83039FFE1DD5F28C00116D8D /* Playgrounds */,
				83F9A8C71CE740690026C1C7 /* SwiftPlaygrounds */,
				83F9A8C61CE740690026C1C7 /* Products */,
			);
			sourceTree = "<group>";
		};
		83F9A8C61CE740690026C1C7 /* Products */ = {
			isa = PBXGroup;
			children = (
				83F9A8C51CE740690026C1C7 /* SwiftPlaygrounds.app */,
			);
			name = Products;
			sourceTree = "<group>";
		};
		83F9A8C71CE740690026C1C7 /* SwiftPlaygrounds */ = {
			isa = PBXGroup;
			children = (
				83F9A8C81CE740690026C1C7 /* AppDelegate.swift */,
				83F9A8CA1CE740690026C1C7 /* MasterViewController.swift */,
				83F9A8CC1CE740690026C1C7 /* DetailViewController.swift */,
				83F9A8CE1CE740690026C1C7 /* Main.storyboard */,
				83F9A8D11CE740690026C1C7 /* Assets.xcassets */,
				83F9A8D31CE740690026C1C7 /* LaunchScreen.storyboard */,
				83F9A8D61CE740690026C1C7 /* Info.plist */,
			);
			path = SwiftPlaygrounds;
			sourceTree = "<group>";
		};
/* End PBXGroup section */

/* Begin PBXNativeTarget section */
		83F9A8C41CE740690026C1C7 /* SwiftPlaygrounds */ = {
			isa = PBXNativeTarget;
			buildConfigurationList = 83F9A8D91CE740690026C1C7 /* Build configuration list for PBXNativeTarget "SwiftPlaygrounds" */;
			buildPhases = (
				83F9A8C11CE740690026C1C7 /* Sources */,
				83F9A8C21CE740690026C1C7 /* Frameworks */,
				83F9A8C31CE740690026C1C7 /* Resources */,
			);
			buildRules = (
			);
			dependencies = (
			);
			name = SwiftPlaygrounds;
			productName = SwiftPlaygrounds;
			productReference = 83F9A8C51CE740690026C1C7 /* SwiftPlaygrounds.app */;
			productType = "com.apple.product-type.application";
		};
/* End PBXNativeTarget section */

/* Begin PBXProject section */
		83F9A8BD1CE740690026C1C7 /* Project object */ = {
			isa = PBXProject;
			attributes = {
				LastSwiftUpdateCheck = 0730;
				LastUpgradeCheck = 0820;
				ORGANIZATIONNAME = "The Swift Playgrounds Project";
				TargetAttributes = {
					83F9A8C41CE740690026C1C7 = {
						CreatedOnToolsVersion = 7.3;
						LastSwiftMigration = 0810;
					};
				};
			};
			buildConfigurationList = 83F9A8C01CE740690026C1C7 /* Build configuration list for PBXProject "SwiftPlaygrounds" */;
			compatibilityVersion = "Xcode 3.2";
			developmentRegion = English;
			hasScannedForEncodings = 0;
			knownRegions = (
				en,
				Base,
			);
			mainGroup = 83F9A8BC1CE740690026C1C7;
			productRefGroup = 83F9A8C61CE740690026C1C7 /* Products */;
			projectDirPath = "";
			projectRoot = "";
			targets = (
				83F9A8C41CE740690026C1C7 /* SwiftPlaygrounds */,
			);
		};
/* End PBXProject section */

/* Begin PBXResourcesBuildPhase section */
		83F9A8C31CE740690026C1C7 /* Resources */ = {
			isa = PBXResourcesBuildPhase;
			buildActionMask = 2147483647;
			files = (
				83F9A8D51CE740690026C1C7 /* LaunchScreen.storyboard in Resources */,
				83F9A8D21CE740690026C1C7 /* Assets.xcassets in Resources */,
				83F9A8D01CE740690026C1C7 /* Main.storyboard in Resources */,
			);
			runOnlyForDeploymentPostprocessing = 0;
		};
/* End PBXResourcesBuildPhase section */

/* Begin PBXSourcesBuildPhase section */
		83F9A8C11CE740690026C1C7 /* Sources */ = {
			isa = PBXSourcesBuildPhase;
			buildActionMask = 2147483647;
			files = (
				83F9A8CD1CE740690026C1C7 /* DetailViewController.swift in Sources */,
				83F9A8CB1CE740690026C1C7 /* MasterViewController.swift in Sources */,
				83F9A8C91CE740690026C1C7 /* AppDelegate.swift in Sources */,
			);
			runOnlyForDeploymentPostprocessing = 0;
		};
/* End PBXSourcesBuildPhase section */

/* Begin PBXVariantGroup section */
		83F9A8CE1CE740690026C1C7 /* Main.storyboard */ = {
			isa = PBXVariantGroup;
			children = (
				83F9A8CF1CE740690026C1C7 /* Base */,
			);
			name = Main.storyboard;
			sourceTree = "<group>";
		};
		83F9A8D31CE740690026C1C7 /* LaunchScreen.storyboard */ = {
			isa = PBXVariantGroup;
			children = (
				83F9A8D41CE740690026C1C7 /* Base */,
			);
			name = LaunchScreen.storyboard;
			sourceTree = "<group>";
		};
/* End PBXVariantGroup section */

/* Begin XCBuildConfiguration section */
		83F9A8D71CE740690026C1C7 /* Debug */ = {
			isa = XCBuildConfiguration;
			buildSettings = {
				ALWAYS_SEARCH_USER_PATHS = NO;
				CLANG_ANALYZER_NONNULL = YES;
				CLANG_CXX_LANGUAGE_STANDARD = "gnu++0x";
				CLANG_CXX_LIBRARY = "libc++";
				CLANG_ENABLE_MODULES = YES;
				CLANG_ENABLE_OBJC_ARC = YES;
				CLANG_WARN_BOOL_CONVERSION = YES;
				CLANG_WARN_CONSTANT_CONVERSION = YES;
				CLANG_WARN_DIRECT_OBJC_ISA_USAGE = YES_ERROR;
				CLANG_WARN_EMPTY_BODY = YES;
				CLANG_WARN_ENUM_CONVERSION = YES;
				CLANG_WARN_INFINITE_RECURSION = YES;
				CLANG_WARN_INT_CONVERSION = YES;
				CLANG_WARN_OBJC_ROOT_CLASS = YES_ERROR;
				CLANG_WARN_SUSPICIOUS_MOVE = YES;
				CLANG_WARN_UNREACHABLE_CODE = YES;
				CLANG_WARN__DUPLICATE_METHOD_MATCH = YES;
				"CODE_SIGN_IDENTITY[sdk=iphoneos*]" = "iPhone Developer";
				COPY_PHASE_STRIP = NO;
				DEBUG_INFORMATION_FORMAT = dwarf;
				ENABLE_STRICT_OBJC_MSGSEND = YES;
				ENABLE_TESTABILITY = YES;
				GCC_C_LANGUAGE_STANDARD = gnu99;
				GCC_DYNAMIC_NO_PIC = NO;
				GCC_NO_COMMON_BLOCKS = YES;
				GCC_OPTIMIZATION_LEVEL = 0;
				GCC_PREPROCESSOR_DEFINITIONS = (
					"DEBUG=1",
					"$(inherited)",
				);
				GCC_WARN_64_TO_32_BIT_CONVERSION = YES;
				GCC_WARN_ABOUT_RETURN_TYPE = YES_ERROR;
				GCC_WARN_UNDECLARED_SELECTOR = YES;
				GCC_WARN_UNINITIALIZED_AUTOS = YES_AGGRESSIVE;
				GCC_WARN_UNUSED_FUNCTION = YES;
				GCC_WARN_UNUSED_VARIABLE = YES;
				IPHONEOS_DEPLOYMENT_TARGET = 9.3;
				MTL_ENABLE_DEBUG_INFO = YES;
				ONLY_ACTIVE_ARCH = YES;
				SDKROOT = iphoneos;
				SWIFT_OPTIMIZATION_LEVEL = "-Onone";
				TARGETED_DEVICE_FAMILY = "1,2";
			};
			name = Debug;
		};
		83F9A8D81CE740690026C1C7 /* Release */ = {
			isa = XCBuildConfiguration;
			buildSettings = {
				ALWAYS_SEARCH_USER_PATHS = NO;
				CLANG_ANALYZER_NONNULL = YES;
				CLANG_CXX_LANGUAGE_STANDARD = "gnu++0x";
				CLANG_CXX_LIBRARY = "libc++";
				CLANG_ENABLE_MODULES = YES;
				CLANG_ENABLE_OBJC_ARC = YES;
				CLANG_WARN_BOOL_CONVERSION = YES;
				CLANG_WARN_CONSTANT_CONVERSION = YES;
				CLANG_WARN_DIRECT_OBJC_ISA_USAGE = YES_ERROR;
				CLANG_WARN_EMPTY_BODY = YES;
				CLANG_WARN_ENUM_CONVERSION = YES;
				CLANG_WARN_INFINITE_RECURSION = YES;
				CLANG_WARN_INT_CONVERSION = YES;
				CLANG_WARN_OBJC_ROOT_CLASS = YES_ERROR;
				CLANG_WARN_SUSPICIOUS_MOVE = YES;
				CLANG_WARN_UNREACHABLE_CODE = YES;
				CLANG_WARN__DUPLICATE_METHOD_MATCH = YES;
				"CODE_SIGN_IDENTITY[sdk=iphoneos*]" = "iPhone Developer";
				COPY_PHASE_STRIP = NO;
				DEBUG_INFORMATION_FORMAT = "dwarf-with-dsym";
				ENABLE_NS_ASSERTIONS = NO;
				ENABLE_STRICT_OBJC_MSGSEND = YES;
				GCC_C_LANGUAGE_STANDARD = gnu99;
				GCC_NO_COMMON_BLOCKS = YES;
				GCC_WARN_64_TO_32_BIT_CONVERSION = YES;
				GCC_WARN_ABOUT_RETURN_TYPE = YES_ERROR;
				GCC_WARN_UNDECLARED_SELECTOR = YES;
				GCC_WARN_UNINITIALIZED_AUTOS = YES_AGGRESSIVE;
				GCC_WARN_UNUSED_FUNCTION = YES;
				GCC_WARN_UNUSED_VARIABLE = YES;
				IPHONEOS_DEPLOYMENT_TARGET = 9.3;
				MTL_ENABLE_DEBUG_INFO = NO;
				SDKROOT = iphoneos;
				SWIFT_OPTIMIZATION_LEVEL = "-Owholemodule";
				TARGETED_DEVICE_FAMILY = "1,2";
				VALIDATE_PRODUCT = YES;
			};
			name = Release;
		};
		83F9A8DA1CE740690026C1C7 /* Debug */ = {
			isa = XCBuildConfiguration;
			buildSettings = {
				ASSETCATALOG_COMPILER_APPICON_NAME = AppIcon;
				INFOPLIST_FILE = SwiftPlaygrounds/Info.plist;
				LD_RUNPATH_SEARCH_PATHS = "$(inherited) @executable_path/Frameworks";
				PRODUCT_BUNDLE_IDENTIFIER = com.zworkbench.SwiftPlaygrounds;
				PRODUCT_NAME = "$(TARGET_NAME)";
				SWIFT_VERSION = 3.0;
			};
			name = Debug;
		};
		83F9A8DB1CE740690026C1C7 /* Release */ = {
			isa = XCBuildConfiguration;
			buildSettings = {
				ASSETCATALOG_COMPILER_APPICON_NAME = AppIcon;
				INFOPLIST_FILE = SwiftPlaygrounds/Info.plist;
				LD_RUNPATH_SEARCH_PATHS = "$(inherited) @executable_path/Frameworks";
				PRODUCT_BUNDLE_IDENTIFIER = com.zworkbench.SwiftPlaygrounds;
				PRODUCT_NAME = "$(TARGET_NAME)";
				SWIFT_VERSION = 3.0;
			};
			name = Release;
		};
/* End XCBuildConfiguration section */

/* Begin XCConfigurationList section */
		83F9A8C01CE740690026C1C7 /* Build configuration list for PBXProject "SwiftPlaygrounds" */ = {
			isa = XCConfigurationList;
			buildConfigurations = (
				83F9A8D71CE740690026C1C7 /* Debug */,
				83F9A8D81CE740690026C1C7 /* Release */,
			);
			defaultConfigurationIsVisible = 0;
			defaultConfigurationName = Release;
		};
		83F9A8D91CE740690026C1C7 /* Build configuration list for PBXNativeTarget "SwiftPlaygrounds" */ = {
			isa = XCConfigurationList;
			buildConfigurations = (
				83F9A8DA1CE740690026C1C7 /* Debug */,
				83F9A8DB1CE740690026C1C7 /* Release */,
			);
			defaultConfigurationIsVisible = 0;
			defaultConfigurationName = Release;
		};
/* End XCConfigurationList section */
	};
	rootObject = 83F9A8BD1CE740690026C1C7 /* Project object */;
}
